
Microsoft Visual Studio Solution File, Format Version 12.00
# Visual Studio Version 17
VisualStudioVersion = 17.2.32602.215
MinimumVisualStudioVersion = 10.0.40219.1
Project("{FAE04EC0-301F-11D3-BF4B-00C04F79EFBC}") = "aula12_atividade_1", "aula12_atividade_1\aula12_atividade_1.csproj", "{2EDBB746-1DBD-4D17-A57A-D2DE8668B644}"
EndProject
Global
	GlobalSection(SolutionConfigurationPlatforms) = preSolution
		Debug|Any CPU = Debug|Any CPU
		Release|Any CPU = Release|Any CPU
	EndGlobalSection
	GlobalSection(ProjectConfigurationPlatforms) = postSolution
		{2EDBB746-1DBD-4D17-A57A-D2DE8668B644}.Debug|Any CPU.ActiveCfg = Debug|Any CPU
		{2EDBB746-1DBD-4D17-A57A-D2DE8668B644}.Debug|Any CPU.Build.0 = Debug|Any CPU
		{2EDBB746-1DBD-4D17-A57A-D2DE8668B644}.Release|Any CPU.ActiveCfg = Release|Any CPU
		{2EDBB746-1DBD-4D17-A57A-D2DE8668B644}.Release|Any CPU.Build.0 = Release|Any CPU
	EndGlobalSection
	GlobalSection(SolutionProperties) = preSolution
		HideSolutionNode = FALSE
	EndGlobalSection
	GlobalSection(ExtensibilityGlobals) = postSolution
		SolutionGuid = {59EAF354-41A1-4231-AB09-AEFDAFC8F0BB}
	EndGlobalSection
EndGlobal
